
Microsoft Visual Studio Solution File, Format Version 12.00
# Visual Studio Version 16
VisualStudioVersion = 16.0.33927.289
MinimumVisualStudioVersion = 10.0.40219.1
Project("{FAE04EC0-301F-11D3-BF4B-00C04F79EFBC}") = "Article", "Article\Article.csproj", "{C9B52F27-42F9-474D-B23D-CD2426191892}"
EndProject
Global
	GlobalSection(SolutionConfigurationPlatforms) = preSolution
		Debug|Any CPU = Debug|Any CPU
		Release|Any CPU = Release|Any CPU
	EndGlobalSection
	GlobalSection(ProjectConfigurationPlatforms) = postSolution
		{C9B52F27-42F9-474D-B23D-CD2426191892}.Debug|Any CPU.ActiveCfg = Debug|Any CPU
		{C9B52F27-42F9-474D-B23D-CD2426191892}.Debug|Any CPU.Build.0 = Debug|Any CPU
		{C9B52F27-42F9-474D-B23D-CD2426191892}.Release|Any CPU.ActiveCfg = Release|Any CPU
		{C9B52F27-42F9-474D-B23D-CD2426191892}.Release|Any CPU.Build.0 = Release|Any CPU
	EndGlobalSection
	GlobalSection(SolutionProperties) = preSolution
		HideSolutionNode = FALSE
	EndGlobalSection
	GlobalSection(ExtensibilityGlobals) = postSolution
		SolutionGuid = {0ABC83C9-D95B-4D7E-8E4E-74548461574E}
	EndGlobalSection
EndGlobal
